
Microsoft Visual Studio Solution File, Format Version 12.00
# Visual Studio 2015
Project("{FAE04EC0-301F-11D3-BF4B-00C04F79EFBC}") = "FlameHeading.CSharp", "FlameHeading.CSharp.csproj", "{D143B18C-697A-B1CB-E70C-A8102A86D362}"
EndProject
Global
	GlobalSection(SolutionConfigurationPlatforms) = preSolution
		Debug|Any CPU = Debug|Any CPU
		Release|Any CPU = Release|Any CPU
	EndGlobalSection
	GlobalSection(ProjectConfigurationPlatforms) = postSolution
		{D143B18C-697A-B1CB-E70C-A8102A86D362}.Debug|Any CPU.ActiveCfg = Debug|Any CPU
		{D143B18C-697A-B1CB-E70C-A8102A86D362}.Debug|Any CPU.Build.0 = Debug|Any CPU
		{D143B18C-697A-B1CB-E70C-A8102A86D362}.Release|Any CPU.ActiveCfg = Release|Any CPU
		{D143B18C-697A-B1CB-E70C-A8102A86D362}.Release|Any CPU.Build.0 = Release|Any CPU
	EndGlobalSection
	GlobalSection(SolutionProperties) = preSolution
		HideSolutionNode = FALSE
	EndGlobalSection
EndGlobal
